// !$*UTF8*$!
{
	archiveVersion = 1;
	classes = {
	};
	objectVersion = 56;
	objects = {

/* Begin PBXBuildFile section */
		8A0E6D792A23B87A008E3214 /* Launch Screen.storyboard in Resources */ = {isa = PBXBuildFile; fileRef = 8A0E6D782A23B87A008E3214 /* Launch Screen.storyboard */; };
		8A5A76412A4C33F500D78BB6 /* SignInWithAppleCoordinator.swift in Sources */ = {isa = PBXBuildFile; fileRef = 8A5A76402A4C33F500D78BB6 /* SignInWithAppleCoordinator.swift */; };
		8A5A76432A4C345400D78BB6 /* SignInWithAppleButton.swift in Sources */ = {isa = PBXBuildFile; fileRef = 8A5A76422A4C345400D78BB6 /* SignInWithAppleButton.swift */; };
		8A5A76452A4C36CD00D78BB6 /* LoginView.swift in Sources */ = {isa = PBXBuildFile; fileRef = 8A5A76442A4C36CD00D78BB6 /* LoginView.swift */; };
		8AD90F5C2A20EDFD00CD9545 /* Todo_ListApp.swift in Sources */ = {isa = PBXBuildFile; fileRef = 8AD90F5B2A20EDFD00CD9545 /* Todo_ListApp.swift */; };
		8AD90F5E2A20EDFD00CD9545 /* ContentView.swift in Sources */ = {isa = PBXBuildFile; fileRef = 8AD90F5D2A20EDFD00CD9545 /* ContentView.swift */; };
		8AD90F602A20EDFE00CD9545 /* Assets.xcassets in Resources */ = {isa = PBXBuildFile; fileRef = 8AD90F5F2A20EDFE00CD9545 /* Assets.xcassets */; };
		8AD90F632A20EDFE00CD9545 /* Preview Assets.xcassets in Resources */ = {isa = PBXBuildFile; fileRef = 8AD90F622A20EDFE00CD9545 /* Preview Assets.xcassets */; };
		8AD90F6D2A20EFAA00CD9545 /* FirebaseAuth in Frameworks */ = {isa = PBXBuildFile; productRef = 8AD90F6C2A20EFAA00CD9545 /* FirebaseAuth */; };
		8AD90F6F2A20EFAA00CD9545 /* FirebaseFirestore in Frameworks */ = {isa = PBXBuildFile; productRef = 8AD90F6E2A20EFAA00CD9545 /* FirebaseFirestore */; };
		8AD90F712A20EFAA00CD9545 /* FirebaseFirestoreSwift in Frameworks */ = {isa = PBXBuildFile; productRef = 8AD90F702A20EFAA00CD9545 /* FirebaseFirestoreSwift */; };
		8AD90F732A20F14B00CD9545 /* GoogleService-Info.plist in Resources */ = {isa = PBXBuildFile; fileRef = 8AD90F722A20F14B00CD9545 /* GoogleService-Info.plist */; };
		8AD90F792A211D0500CD9545 /* ProfileView.swift in Sources */ = {isa = PBXBuildFile; fileRef = 8AD90F782A211D0500CD9545 /* ProfileView.swift */; };
		8AD90F7D2A211DB500CD9545 /* NewItemView.swift in Sources */ = {isa = PBXBuildFile; fileRef = 8AD90F7C2A211DB500CD9545 /* NewItemView.swift */; };
		8AD90F7F2A211DD000CD9545 /* SignInView.swift in Sources */ = {isa = PBXBuildFile; fileRef = 8AD90F7E2A211DD000CD9545 /* SignInView.swift */; };
		8AD90F812A211DE800CD9545 /* RegisterView.swift in Sources */ = {isa = PBXBuildFile; fileRef = 8AD90F802A211DE800CD9545 /* RegisterView.swift */; };
		8AD90F832A211E6500CD9545 /* TodoView.swift in Sources */ = {isa = PBXBuildFile; fileRef = 8AD90F822A211E6500CD9545 /* TodoView.swift */; };
		8AD90F852A211EF000CD9545 /* TodoListItemView.swift in Sources */ = {isa = PBXBuildFile; fileRef = 8AD90F842A211EF000CD9545 /* TodoListItemView.swift */; };
		8AD90F872A211F5500CD9545 /* User.swift in Sources */ = {isa = PBXBuildFile; fileRef = 8AD90F862A211F5500CD9545 /* User.swift */; };
		8AD90F892A211F7B00CD9545 /* TodoListItem.swift in Sources */ = {isa = PBXBuildFile; fileRef = 8AD90F882A211F7B00CD9545 /* TodoListItem.swift */; };
		8AD90F8B2A211FCE00CD9545 /* ContentViewViewModel.swift in Sources */ = {isa = PBXBuildFile; fileRef = 8AD90F8A2A211FCE00CD9545 /* ContentViewViewModel.swift */; };
		8AD90F8D2A211FEC00CD9545 /* ProfileViewViewModel.swift in Sources */ = {isa = PBXBuildFile; fileRef = 8AD90F8C2A211FEC00CD9545 /* ProfileViewViewModel.swift */; };
		8AD90F8F2A21202400CD9545 /* TodoViewViewModel.swift in Sources */ = {isa = PBXBuildFile; fileRef = 8AD90F8E2A21202400CD9545 /* TodoViewViewModel.swift */; };
		8AD90F912A21203E00CD9545 /* NewItemViewViewModel.swift in Sources */ = {isa = PBXBuildFile; fileRef = 8AD90F902A21203E00CD9545 /* NewItemViewViewModel.swift */; };
		8AD90F932A21204E00CD9545 /* LoginViewViewModel.swift in Sources */ = {isa = PBXBuildFile; fileRef = 8AD90F922A21204E00CD9545 /* LoginViewViewModel.swift */; };
		8AD90F952A21205B00CD9545 /* RegisterViewViewModel.swift in Sources */ = {isa = PBXBuildFile; fileRef = 8AD90F942A21205B00CD9545 /* RegisterViewViewModel.swift */; };
		8AD90F972A21207200CD9545 /* TodoListItemViewViewModel.swift in Sources */ = {isa = PBXBuildFile; fileRef = 8AD90F962A21207200CD9545 /* TodoListItemViewViewModel.swift */; };
		8AD90F992A22047500CD9545 /* HeaderView.swift in Sources */ = {isa = PBXBuildFile; fileRef = 8AD90F982A22047500CD9545 /* HeaderView.swift */; };
		8AD90F9B2A2221FC00CD9545 /* TLButton.swift in Sources */ = {isa = PBXBuildFile; fileRef = 8AD90F9A2A2221FC00CD9545 /* TLButton.swift */; };
		8AE98C8D2A309217000C5968 /* ForgotPasswordModalView.swift in Sources */ = {isa = PBXBuildFile; fileRef = 8AE98C8C2A309217000C5968 /* ForgotPasswordModalView.swift */; };
		8AF2AD4C2A225F8000D5DC5E /* Extensions.swift in Sources */ = {isa = PBXBuildFile; fileRef = 8AF2AD4B2A225F8000D5DC5E /* Extensions.swift */; };
/* End PBXBuildFile section */

/* Begin PBXFileReference section */
		8A0E6D782A23B87A008E3214 /* Launch Screen.storyboard */ = {isa = PBXFileReference; lastKnownFileType = file.storyboard; path = "Launch Screen.storyboard"; sourceTree = "<group>"; };
		8A405A322A4DA607004892CC /* Todo_List.entitlements */ = {isa = PBXFileReference; lastKnownFileType = text.plist.entitlements; path = Todo_List.entitlements; sourceTree = "<group>"; };
		8A5A76402A4C33F500D78BB6 /* SignInWithAppleCoordinator.swift */ = {isa = PBXFileReference; lastKnownFileType = sourcecode.swift; path = SignInWithAppleCoordinator.swift; sourceTree = "<group>"; };
		8A5A76422A4C345400D78BB6 /* SignInWithAppleButton.swift */ = {isa = PBXFileReference; lastKnownFileType = sourcecode.swift; path = SignInWithAppleButton.swift; sourceTree = "<group>"; };
		8A5A76442A4C36CD00D78BB6 /* LoginView.swift */ = {isa = PBXFileReference; lastKnownFileType = sourcecode.swift; path = LoginView.swift; sourceTree = "<group>"; };
		8AD90F582A20EDFD00CD9545 /* Todo_List.app */ = {isa = PBXFileReference; explicitFileType = wrapper.application; includeInIndex = 0; path = Todo_List.app; sourceTree = BUILT_PRODUCTS_DIR; };
		8AD90F5B2A20EDFD00CD9545 /* Todo_ListApp.swift */ = {isa = PBXFileReference; lastKnownFileType = sourcecode.swift; path = Todo_ListApp.swift; sourceTree = "<group>"; };
		8AD90F5D2A20EDFD00CD9545 /* ContentView.swift */ = {isa = PBXFileReference; lastKnownFileType = sourcecode.swift; path = ContentView.swift; sourceTree = "<group>"; };
		8AD90F5F2A20EDFE00CD9545 /* Assets.xcassets */ = {isa = PBXFileReference; lastKnownFileType = folder.assetcatalog; path = Assets.xcassets; sourceTree = "<group>"; };
		8AD90F622A20EDFE00CD9545 /* Preview Assets.xcassets */ = {isa = PBXFileReference; lastKnownFileType = folder.assetcatalog; path = "Preview Assets.xcassets"; sourceTree = "<group>"; };
		8AD90F722A20F14B00CD9545 /* GoogleService-Info.plist */ = {isa = PBXFileReference; fileEncoding = 4; lastKnownFileType = text.plist.xml; path = "GoogleService-Info.plist"; sourceTree = "<group>"; };
		8AD90F782A211D0500CD9545 /* ProfileView.swift */ = {isa = PBXFileReference; lastKnownFileType = sourcecode.swift; path = ProfileView.swift; sourceTree = "<group>"; };
		8AD90F7C2A211DB500CD9545 /* NewItemView.swift */ = {isa = PBXFileReference; lastKnownFileType = sourcecode.swift; path = NewItemView.swift; sourceTree = "<group>"; };
		8AD90F7E2A211DD000CD9545 /* SignInView.swift */ = {isa = PBXFileReference; lastKnownFileType = sourcecode.swift; path = SignInView.swift; sourceTree = "<group>"; };
		8AD90F802A211DE800CD9545 /* RegisterView.swift */ = {isa = PBXFileReference; lastKnownFileType = sourcecode.swift; path = RegisterView.swift; sourceTree = "<group>"; };
		8AD90F822A211E6500CD9545 /* TodoView.swift */ = {isa = PBXFileReference; lastKnownFileType = sourcecode.swift; path = TodoView.swift; sourceTree = "<group>"; };
		8AD90F842A211EF000CD9545 /* TodoListItemView.swift */ = {isa = PBXFileReference; lastKnownFileType = sourcecode.swift; path = TodoListItemView.swift; sourceTree = "<group>"; };
		8AD90F862A211F5500CD9545 /* User.swift */ = {isa = PBXFileReference; lastKnownFileType = sourcecode.swift; path = User.swift; sourceTree = "<group>"; };
		8AD90F882A211F7B00CD9545 /* TodoListItem.swift */ = {isa = PBXFileReference; lastKnownFileType = sourcecode.swift; path = TodoListItem.swift; sourceTree = "<group>"; };
		8AD90F8A2A211FCE00CD9545 /* ContentViewViewModel.swift */ = {isa = PBXFileReference; lastKnownFileType = sourcecode.swift; path = ContentViewViewModel.swift; sourceTree = "<group>"; };
		8AD90F8C2A211FEC00CD9545 /* ProfileViewViewModel.swift */ = {isa = PBXFileReference; lastKnownFileType = sourcecode.swift; path = ProfileViewViewModel.swift; sourceTree = "<group>"; };
		8AD90F8E2A21202400CD9545 /* TodoViewViewModel.swift */ = {isa = PBXFileReference; lastKnownFileType = sourcecode.swift; path = TodoViewViewModel.swift; sourceTree = "<group>"; };
		8AD90F902A21203E00CD9545 /* NewItemViewViewModel.swift */ = {isa = PBXFileReference; lastKnownFileType = sourcecode.swift; path = NewItemViewViewModel.swift; sourceTree = "<group>"; };
		8AD90F922A21204E00CD9545 /* LoginViewViewModel.swift */ = {isa = PBXFileReference; lastKnownFileType = sourcecode.swift; path = LoginViewViewModel.swift; sourceTree = "<group>"; };
		8AD90F942A21205B00CD9545 /* RegisterViewViewModel.swift */ = {isa = PBXFileReference; lastKnownFileType = sourcecode.swift; path = RegisterViewViewModel.swift; sourceTree = "<group>"; };
		8AD90F962A21207200CD9545 /* TodoListItemViewViewModel.swift */ = {isa = PBXFileReference; lastKnownFileType = sourcecode.swift; path = TodoListItemViewViewModel.swift; sourceTree = "<group>"; };
		8AD90F982A22047500CD9545 /* HeaderView.swift */ = {isa = PBXFileReference; lastKnownFileType = sourcecode.swift; path = HeaderView.swift; sourceTree = "<group>"; };
		8AD90F9A2A2221FC00CD9545 /* TLButton.swift */ = {isa = PBXFileReference; lastKnownFileType = sourcecode.swift; path = TLButton.swift; sourceTree = "<group>"; };
		8AE98C8C2A309217000C5968 /* ForgotPasswordModalView.swift */ = {isa = PBXFileReference; lastKnownFileType = sourcecode.swift; path = ForgotPasswordModalView.swift; sourceTree = "<group>"; };
		8AF2AD4B2A225F8000D5DC5E /* Extensions.swift */ = {isa = PBXFileReference; lastKnownFileType = sourcecode.swift; path = Extensions.swift; sourceTree = "<group>"; };
/* End PBXFileReference section */

/* Begin PBXFrameworksBuildPhase section */
		8AD90F552A20EDFD00CD9545 /* Frameworks */ = {
			isa = PBXFrameworksBuildPhase;
			buildActionMask = 2147483647;
			files = (
				8AD90F6D2A20EFAA00CD9545 /* FirebaseAuth in Frameworks */,
				8AD90F6F2A20EFAA00CD9545 /* FirebaseFirestore in Frameworks */,
				8AD90F712A20EFAA00CD9545 /* FirebaseFirestoreSwift in Frameworks */,
			);
			runOnlyForDeploymentPostprocessing = 0;
		};
/* End PBXFrameworksBuildPhase section */

/* Begin PBXGroup section */
		8A5A763F2A4C33CE00D78BB6 /* Services */ = {
			isa = PBXGroup;
			children = (
				8A5A76402A4C33F500D78BB6 /* SignInWithAppleCoordinator.swift */,
			);
			path = Services;
			sourceTree = "<group>";
		};
		8AD90F4F2A20EDFD00CD9545 = {
			isa = PBXGroup;
			children = (
				8AD90F5A2A20EDFD00CD9545 /* Todo_List */,
				8AD90F592A20EDFD00CD9545 /* Products */,
			);
			sourceTree = "<group>";
		};
		8AD90F592A20EDFD00CD9545 /* Products */ = {
			isa = PBXGroup;
			children = (
				8AD90F582A20EDFD00CD9545 /* Todo_List.app */,
			);
			name = Products;
			sourceTree = "<group>";
		};
		8AD90F5A2A20EDFD00CD9545 /* Todo_List */ = {
			isa = PBXGroup;
			children = (
				8A405A322A4DA607004892CC /* Todo_List.entitlements */,
				8A5A763F2A4C33CE00D78BB6 /* Services */,
				8AD90F772A20F3B100CD9545 /* Other */,
				8AD90F762A20F3A400CD9545 /* Models */,
				8AD90F752A20F38100CD9545 /* ViewModels */,
				8AD90F742A20F35A00CD9545 /* Views */,
				8AD90F612A20EDFE00CD9545 /* Preview Content */,
			);
			path = Todo_List;
			sourceTree = "<group>";
		};
		8AD90F612A20EDFE00CD9545 /* Preview Content */ = {
			isa = PBXGroup;
			children = (
				8AD90F622A20EDFE00CD9545 /* Preview Assets.xcassets */,
			);
			path = "Preview Content";
			sourceTree = "<group>";
		};
		8AD90F742A20F35A00CD9545 /* Views */ = {
			isa = PBXGroup;
			children = (
				8AD90F5D2A20EDFD00CD9545 /* ContentView.swift */,
				8AD90F782A211D0500CD9545 /* ProfileView.swift */,
				8AD90F7C2A211DB500CD9545 /* NewItemView.swift */,
				8AD90F7E2A211DD000CD9545 /* SignInView.swift */,
				8AD90F802A211DE800CD9545 /* RegisterView.swift */,
				8AD90F822A211E6500CD9545 /* TodoView.swift */,
				8AD90F842A211EF000CD9545 /* TodoListItemView.swift */,
				8AD90F982A22047500CD9545 /* HeaderView.swift */,
				8AD90F9A2A2221FC00CD9545 /* TLButton.swift */,
				8AE98C8C2A309217000C5968 /* ForgotPasswordModalView.swift */,
				8A5A76422A4C345400D78BB6 /* SignInWithAppleButton.swift */,
				8A5A76442A4C36CD00D78BB6 /* LoginView.swift */,
			);
			path = Views;
			sourceTree = "<group>";
		};
		8AD90F752A20F38100CD9545 /* ViewModels */ = {
			isa = PBXGroup;
			children = (
				8AD90F8A2A211FCE00CD9545 /* ContentViewViewModel.swift */,
				8AD90F8C2A211FEC00CD9545 /* ProfileViewViewModel.swift */,
				8AD90F8E2A21202400CD9545 /* TodoViewViewModel.swift */,
				8AD90F902A21203E00CD9545 /* NewItemViewViewModel.swift */,
				8AD90F922A21204E00CD9545 /* LoginViewViewModel.swift */,
				8AD90F942A21205B00CD9545 /* RegisterViewViewModel.swift */,
				8AD90F962A21207200CD9545 /* TodoListItemViewViewModel.swift */,
			);
			path = ViewModels;
			sourceTree = "<group>";
		};
		8AD90F762A20F3A400CD9545 /* Models */ = {
			isa = PBXGroup;
			children = (
				8AD90F862A211F5500CD9545 /* User.swift */,
				8AD90F882A211F7B00CD9545 /* TodoListItem.swift */,
			);
			path = Models;
			sourceTree = "<group>";
		};
		8AD90F772A20F3B100CD9545 /* Other */ = {
			isa = PBXGroup;
			children = (
				8AD90F5B2A20EDFD00CD9545 /* Todo_ListApp.swift */,
				8AD90F722A20F14B00CD9545 /* GoogleService-Info.plist */,
				8AD90F5F2A20EDFE00CD9545 /* Assets.xcassets */,
				8AF2AD4B2A225F8000D5DC5E /* Extensions.swift */,
				8A0E6D782A23B87A008E3214 /* Launch Screen.storyboard */,
			);
			path = Other;
			sourceTree = "<group>";
		};
/* End PBXGroup section */

/* Begin PBXNativeTarget section */
		8AD90F572A20EDFD00CD9545 /* Todo_List */ = {
			isa = PBXNativeTarget;
			buildConfigurationList = 8AD90F662A20EDFE00CD9545 /* Build configuration list for PBXNativeTarget "Todo_List" */;
			buildPhases = (
				8AD90F542A20EDFD00CD9545 /* Sources */,
				8AD90F552A20EDFD00CD9545 /* Frameworks */,
				8AD90F562A20EDFD00CD9545 /* Resources */,
			);
			buildRules = (
			);
			dependencies = (
			);
			name = Todo_List;
			packageProductDependencies = (
				8AD90F6C2A20EFAA00CD9545 /* FirebaseAuth */,
				8AD90F6E2A20EFAA00CD9545 /* FirebaseFirestore */,
				8AD90F702A20EFAA00CD9545 /* FirebaseFirestoreSwift */,
			);
			productName = Todo_List;
			productReference = 8AD90F582A20EDFD00CD9545 /* Todo_List.app */;
			productType = "com.apple.product-type.application";
		};
/* End PBXNativeTarget section */

/* Begin PBXProject section */
		8AD90F502A20EDFD00CD9545 /* Project object */ = {
			isa = PBXProject;
			attributes = {
				BuildIndependentTargetsInParallel = 1;
				LastSwiftUpdateCheck = 1430;
				LastUpgradeCheck = 1430;
				TargetAttributes = {
					8AD90F572A20EDFD00CD9545 = {
						CreatedOnToolsVersion = 14.3;
					};
				};
			};
			buildConfigurationList = 8AD90F532A20EDFD00CD9545 /* Build configuration list for PBXProject "Todo_List" */;
			compatibilityVersion = "Xcode 14.0";
			developmentRegion = en;
			hasScannedForEncodings = 0;
			knownRegions = (
				en,
				Base,
			);
			mainGroup = 8AD90F4F2A20EDFD00CD9545;
			packageReferences = (
				8AD90F692A20EFA900CD9545 /* XCRemoteSwiftPackageReference "firebase-ios-sdk" */,
			);
			productRefGroup = 8AD90F592A20EDFD00CD9545 /* Products */;
			projectDirPath = "";
			projectRoot = "";
			targets = (
				8AD90F572A20EDFD00CD9545 /* Todo_List */,
			);
		};
/* End PBXProject section */

/* Begin PBXResourcesBuildPhase section */
		8AD90F562A20EDFD00CD9545 /* Resources */ = {
			isa = PBXResourcesBuildPhase;
			buildActionMask = 2147483647;
			files = (
				8AD90F632A20EDFE00CD9545 /* Preview Assets.xcassets in Resources */,
				8AD90F602A20EDFE00CD9545 /* Assets.xcassets in Resources */,
				8A0E6D792A23B87A008E3214 /* Launch Screen.storyboard in Resources */,
				8AD90F732A20F14B00CD9545 /* GoogleService-Info.plist in Resources */,
			);
			runOnlyForDeploymentPostprocessing = 0;
		};
/* End PBXResourcesBuildPhase section */

/* Begin PBXSourcesBuildPhase section */
		8AD90F542A20EDFD00CD9545 /* Sources */ = {
			isa = PBXSourcesBuildPhase;
			buildActionMask = 2147483647;
			files = (
				8AD90F892A211F7B00CD9545 /* TodoListItem.swift in Sources */,
				8A5A76432A4C345400D78BB6 /* SignInWithAppleButton.swift in Sources */,
				8AE98C8D2A309217000C5968 /* ForgotPasswordModalView.swift in Sources */,
				8AD90F992A22047500CD9545 /* HeaderView.swift in Sources */,
				8AD90F972A21207200CD9545 /* TodoListItemViewViewModel.swift in Sources */,
				8AD90F8B2A211FCE00CD9545 /* ContentViewViewModel.swift in Sources */,
				8A5A76452A4C36CD00D78BB6 /* LoginView.swift in Sources */,
				8AD90F952A21205B00CD9545 /* RegisterViewViewModel.swift in Sources */,
				8A5A76412A4C33F500D78BB6 /* SignInWithAppleCoordinator.swift in Sources */,
				8AD90F7F2A211DD000CD9545 /* SignInView.swift in Sources */,
				8AD90F5E2A20EDFD00CD9545 /* ContentView.swift in Sources */,
				8AD90F9B2A2221FC00CD9545 /* TLButton.swift in Sources */,
				8AD90F832A211E6500CD9545 /* TodoView.swift in Sources */,
				8AD90F8D2A211FEC00CD9545 /* ProfileViewViewModel.swift in Sources */,
				8AD90F8F2A21202400CD9545 /* TodoViewViewModel.swift in Sources */,
				8AD90F812A211DE800CD9545 /* RegisterView.swift in Sources */,
				8AD90F792A211D0500CD9545 /* ProfileView.swift in Sources */,
				8AD90F872A211F5500CD9545 /* User.swift in Sources */,
				8AD90F932A21204E00CD9545 /* LoginViewViewModel.swift in Sources */,
				8AF2AD4C2A225F8000D5DC5E /* Extensions.swift in Sources */,
				8AD90F852A211EF000CD9545 /* TodoListItemView.swift in Sources */,
				8AD90F5C2A20EDFD00CD9545 /* Todo_ListApp.swift in Sources */,
				8AD90F7D2A211DB500CD9545 /* NewItemView.swift in Sources */,
				8AD90F912A21203E00CD9545 /* NewItemViewViewModel.swift in Sources */,
			);
			runOnlyForDeploymentPostprocessing = 0;
		};
/* End PBXSourcesBuildPhase section */

/* Begin XCBuildConfiguration section */
		8AD90F642A20EDFE00CD9545 /* Debug */ = {
			isa = XCBuildConfiguration;
			buildSettings = {
				ALWAYS_SEARCH_USER_PATHS = NO;
				CLANG_ANALYZER_NONNULL = YES;
				CLANG_ANALYZER_NUMBER_OBJECT_CONVERSION = YES_AGGRESSIVE;
				CLANG_CXX_LANGUAGE_STANDARD = "gnu++20";
				CLANG_ENABLE_MODULES = YES;
				CLANG_ENABLE_OBJC_ARC = YES;
				CLANG_ENABLE_OBJC_WEAK = YES;
				CLANG_WARN_BLOCK_CAPTURE_AUTORELEASING = YES;
				CLANG_WARN_BOOL_CONVERSION = YES;
				CLANG_WARN_COMMA = YES;
				CLANG_WARN_CONSTANT_CONVERSION = YES;
				CLANG_WARN_DEPRECATED_OBJC_IMPLEMENTATIONS = YES;
				CLANG_WARN_DIRECT_OBJC_ISA_USAGE = YES_ERROR;
				CLANG_WARN_DOCUMENTATION_COMMENTS = YES;
				CLANG_WARN_EMPTY_BODY = YES;
				CLANG_WARN_ENUM_CONVERSION = YES;
				CLANG_WARN_INFINITE_RECURSION = YES;
				CLANG_WARN_INT_CONVERSION = YES;
				CLANG_WARN_NON_LITERAL_NULL_CONVERSION = YES;
				CLANG_WARN_OBJC_IMPLICIT_RETAIN_SELF = YES;
				CLANG_WARN_OBJC_LITERAL_CONVERSION = YES;
				CLANG_WARN_OBJC_ROOT_CLASS = YES_ERROR;
				CLANG_WARN_QUOTED_INCLUDE_IN_FRAMEWORK_HEADER = YES;
				CLANG_WARN_RANGE_LOOP_ANALYSIS = YES;
				CLANG_WARN_STRICT_PROTOTYPES = YES;
				CLANG_WARN_SUSPICIOUS_MOVE = YES;
				CLANG_WARN_UNGUARDED_AVAILABILITY = YES_AGGRESSIVE;
				CLANG_WARN_UNREACHABLE_CODE = YES;
				CLANG_WARN__DUPLICATE_METHOD_MATCH = YES;
				COPY_PHASE_STRIP = NO;
				DEBUG_INFORMATION_FORMAT = dwarf;
				ENABLE_STRICT_OBJC_MSGSEND = YES;
				ENABLE_TESTABILITY = YES;
				GCC_C_LANGUAGE_STANDARD = gnu11;
				GCC_DYNAMIC_NO_PIC = NO;
				GCC_NO_COMMON_BLOCKS = YES;
				GCC_OPTIMIZATION_LEVEL = 0;
				GCC_PREPROCESSOR_DEFINITIONS = (
					"DEBUG=1",
					"$(inherited)",
				);
				GCC_WARN_64_TO_32_BIT_CONVERSION = YES;
				GCC_WARN_ABOUT_RETURN_TYPE = YES_ERROR;
				GCC_WARN_UNDECLARED_SELECTOR = YES;
				GCC_WARN_UNINITIALIZED_AUTOS = YES_AGGRESSIVE;
				GCC_WARN_UNUSED_FUNCTION = YES;
				GCC_WARN_UNUSED_VARIABLE = YES;
				IPHONEOS_DEPLOYMENT_TARGET = 16.4;
				MTL_ENABLE_DEBUG_INFO = INCLUDE_SOURCE;
				MTL_FAST_MATH = YES;
				ONLY_ACTIVE_ARCH = YES;
				SDKROOT = iphoneos;
				SWIFT_ACTIVE_COMPILATION_CONDITIONS = DEBUG;
				SWIFT_OPTIMIZATION_LEVEL = "-Onone";
			};
			name = Debug;
		};
		8AD90F652A20EDFE00CD9545 /* Release */ = {
			isa = XCBuildConfiguration;
			buildSettings = {
				ALWAYS_SEARCH_USER_PATHS = NO;
				CLANG_ANALYZER_NONNULL = YES;
				CLANG_ANALYZER_NUMBER_OBJECT_CONVERSION = YES_AGGRESSIVE;
				CLANG_CXX_LANGUAGE_STANDARD = "gnu++20";
				CLANG_ENABLE_MODULES = YES;
				CLANG_ENABLE_OBJC_ARC = YES;
				CLANG_ENABLE_OBJC_WEAK = YES;
				CLANG_WARN_BLOCK_CAPTURE_AUTORELEASING = YES;
				CLANG_WARN_BOOL_CONVERSION = YES;
				CLANG_WARN_COMMA = YES;
				CLANG_WARN_CONSTANT_CONVERSION = YES;
				CLANG_WARN_DEPRECATED_OBJC_IMPLEMENTATIONS = YES;
				CLANG_WARN_DIRECT_OBJC_ISA_USAGE = YES_ERROR;
				CLANG_WARN_DOCUMENTATION_COMMENTS = YES;
				CLANG_WARN_EMPTY_BODY = YES;
				CLANG_WARN_ENUM_CONVERSION = YES;
				CLANG_WARN_INFINITE_RECURSION = YES;
				CLANG_WARN_INT_CONVERSION = YES;
				CLANG_WARN_NON_LITERAL_NULL_CONVERSION = YES;
				CLANG_WARN_OBJC_IMPLICIT_RETAIN_SELF = YES;
				CLANG_WARN_OBJC_LITERAL_CONVERSION = YES;
				CLANG_WARN_OBJC_ROOT_CLASS = YES_ERROR;
				CLANG_WARN_QUOTED_INCLUDE_IN_FRAMEWORK_HEADER = YES;
				CLANG_WARN_RANGE_LOOP_ANALYSIS = YES;
				CLANG_WARN_STRICT_PROTOTYPES = YES;
				CLANG_WARN_SUSPICIOUS_MOVE = YES;
				CLANG_WARN_UNGUARDED_AVAILABILITY = YES_AGGRESSIVE;
				CLANG_WARN_UNREACHABLE_CODE = YES;
				CLANG_WARN__DUPLICATE_METHOD_MATCH = YES;
				COPY_PHASE_STRIP = NO;
				DEBUG_INFORMATION_FORMAT = "dwarf-with-dsym";
				ENABLE_NS_ASSERTIONS = NO;
				ENABLE_STRICT_OBJC_MSGSEND = YES;
				GCC_C_LANGUAGE_STANDARD = gnu11;
				GCC_NO_COMMON_BLOCKS = YES;
				GCC_WARN_64_TO_32_BIT_CONVERSION = YES;
				GCC_WARN_ABOUT_RETURN_TYPE = YES_ERROR;
				GCC_WARN_UNDECLARED_SELECTOR = YES;
				GCC_WARN_UNINITIALIZED_AUTOS = YES_AGGRESSIVE;
				GCC_WARN_UNUSED_FUNCTION = YES;
				GCC_WARN_UNUSED_VARIABLE = YES;
				IPHONEOS_DEPLOYMENT_TARGET = 16.4;
				MTL_ENABLE_DEBUG_INFO = NO;
				MTL_FAST_MATH = YES;
				SDKROOT = iphoneos;
				SWIFT_COMPILATION_MODE = wholemodule;
				SWIFT_OPTIMIZATION_LEVEL = "-O";
				VALIDATE_PRODUCT = YES;
			};
			name = Release;
		};
		8AD90F672A20EDFE00CD9545 /* Debug */ = {
			isa = XCBuildConfiguration;
			buildSettings = {
				ASSETCATALOG_COMPILER_APPICON_NAME = AppIcon;
				ASSETCATALOG_COMPILER_GLOBAL_ACCENT_COLOR_NAME = AccentColor;
				CODE_SIGN_ENTITLEMENTS = Todo_List/Todo_List.entitlements;
				CODE_SIGN_STYLE = Automatic;
				CURRENT_PROJECT_VERSION = 1;
				DEVELOPMENT_ASSET_PATHS = "\"Todo_List/Preview Content\"";
				ENABLE_PREVIEWS = YES;
				GENERATE_INFOPLIST_FILE = YES;
				INFOPLIST_KEY_UIApplicationSceneManifest_Generation = YES;
				INFOPLIST_KEY_UIApplicationSupportsIndirectInputEvents = YES;
				INFOPLIST_KEY_UILaunchScreen_Generation = YES;
				INFOPLIST_KEY_UILaunchStoryboardName = "Launch Screen.storyboard";
				INFOPLIST_KEY_UISupportedInterfaceOrientations_iPad = "UIInterfaceOrientationPortrait UIInterfaceOrientationPortraitUpsideDown UIInterfaceOrientationLandscapeLeft UIInterfaceOrientationLandscapeRight";
				INFOPLIST_KEY_UISupportedInterfaceOrientations_iPhone = "UIInterfaceOrientationPortrait UIInterfaceOrientationLandscapeLeft UIInterfaceOrientationLandscapeRight";
				LD_RUNPATH_SEARCH_PATHS = (
					"$(inherited)",
					"@executable_path/Frameworks",
				);
				MARKETING_VERSION = 1.0;
				PRODUCT_BUNDLE_IDENTIFIER = "com.Todo-List";
				PRODUCT_NAME = "$(TARGET_NAME)";
				SWIFT_EMIT_LOC_STRINGS = YES;
				SWIFT_VERSION = 5.0;
				TARGETED_DEVICE_FAMILY = "1,2";
			};
			name = Debug;
		};
		8AD90F682A20EDFE00CD9545 /* Release */ = {
			isa = XCBuildConfiguration;
			buildSettings = {
				ASSETCATALOG_COMPILER_APPICON_NAME = AppIcon;
				ASSETCATALOG_COMPILER_GLOBAL_ACCENT_COLOR_NAME = AccentColor;
				CODE_SIGN_ENTITLEMENTS = Todo_List/Todo_List.entitlements;
				CODE_SIGN_STYLE = Automatic;
				CURRENT_PROJECT_VERSION = 1;
				DEVELOPMENT_ASSET_PATHS = "\"Todo_List/Preview Content\"";
				ENABLE_PREVIEWS = YES;
				GENERATE_INFOPLIST_FILE = YES;
				INFOPLIST_KEY_UIApplicationSceneManifest_Generation = YES;
				INFOPLIST_KEY_UIApplicationSupportsIndirectInputEvents = YES;
				INFOPLIST_KEY_UILaunchScreen_Generation = YES;
				INFOPLIST_KEY_UILaunchStoryboardName = "Launch Screen.storyboard";
				INFOPLIST_KEY_UISupportedInterfaceOrientations_iPad = "UIInterfaceOrientationPortrait UIInterfaceOrientationPortraitUpsideDown UIInterfaceOrientationLandscapeLeft UIInterfaceOrientationLandscapeRight";
				INFOPLIST_KEY_UISupportedInterfaceOrientations_iPhone = "UIInterfaceOrientationPortrait UIInterfaceOrientationLandscapeLeft UIInterfaceOrientationLandscapeRight";
				LD_RUNPATH_SEARCH_PATHS = (
					"$(inherited)",
					"@executable_path/Frameworks",
				);
				MARKETING_VERSION = 1.0;
				PRODUCT_BUNDLE_IDENTIFIER = "com.Todo-List";
				PRODUCT_NAME = "$(TARGET_NAME)";
				SWIFT_EMIT_LOC_STRINGS = YES;
				SWIFT_VERSION = 5.0;
				TARGETED_DEVICE_FAMILY = "1,2";
			};
			name = Release;
		};
/* End XCBuildConfiguration section */

/* Begin XCConfigurationList section */
		8AD90F532A20EDFD00CD9545 /* Build configuration list for PBXProject "Todo_List" */ = {
			isa = XCConfigurationList;
			buildConfigurations = (
				8AD90F642A20EDFE00CD9545 /* Debug */,
				8AD90F652A20EDFE00CD9545 /* Release */,
			);
			defaultConfigurationIsVisible = 0;
			defaultConfigurationName = Release;
		};
		8AD90F662A20EDFE00CD9545 /* Build configuration list for PBXNativeTarget "Todo_List" */ = {
			isa = XCConfigurationList;
			buildConfigurations = (
				8AD90F672A20EDFE00CD9545 /* Debug */,
				8AD90F682A20EDFE00CD9545 /* Release */,
			);
			defaultConfigurationIsVisible = 0;
			defaultConfigurationName = Release;
		};
/* End XCConfigurationList section */

/* Begin XCRemoteSwiftPackageReference section */
		8AD90F692A20EFA900CD9545 /* XCRemoteSwiftPackageReference "firebase-ios-sdk" */ = {
			isa = XCRemoteSwiftPackageReference;
			repositoryURL = "https://github.com/firebase/firebase-ios-sdk";
			requirement = {
				kind = upToNextMajorVersion;
				minimumVersion = 10.0.0;
			};
		};
/* End XCRemoteSwiftPackageReference section */

/* Begin XCSwiftPackageProductDependency section */
		8AD90F6C2A20EFAA00CD9545 /* FirebaseAuth */ = {
			isa = XCSwiftPackageProductDependency;
			package = 8AD90F692A20EFA900CD9545 /* XCRemoteSwiftPackageReference "firebase-ios-sdk" */;
			productName = FirebaseAuth;
		};
		8AD90F6E2A20EFAA00CD9545 /* FirebaseFirestore */ = {
			isa = XCSwiftPackageProductDependency;
			package = 8AD90F692A20EFA900CD9545 /* XCRemoteSwiftPackageReference "firebase-ios-sdk" */;
			productName = FirebaseFirestore;
		};
		8AD90F702A20EFAA00CD9545 /* FirebaseFirestoreSwift */ = {
			isa = XCSwiftPackageProductDependency;
			package = 8AD90F692A20EFA900CD9545 /* XCRemoteSwiftPackageReference "firebase-ios-sdk" */;
			productName = FirebaseFirestoreSwift;
		};
/* End XCSwiftPackageProductDependency section */
	};
	rootObject = 8AD90F502A20EDFD00CD9545 /* Project object */;
}
